<?xml version="1.0" encoding="utf-8"?>
<Project ToolsVersion="4.0" xmlns="http://schemas.microsoft.com/developer/msbuild/2003">
  <ItemGroup>
    <Filter Include="资源文件">
      <UniqueIdentifier>{67DA6AB6-F800-4c08-8B7A-83BB121AAD01}</UniqueIdentifier>
      <Extensions>rc;ico;cur;bmp;dlg;rc2;rct;bin;rgs;gif;jpg;jpeg;jpe;resx;tiff;tif;png;wav;mfcribbon-ms</Extensions>
    </Filter>
    <Filter Include="source">
      <UniqueIdentifier>{4FC737F1-C7A5-4376-A066-2A32D752A2FF}</UniqueIdentifier>
      <Extensions>cpp;c;cc;cxx;c++;cppm;ixx;def;odl;idl;hpj;bat;asm;asmx</Extensions>
    </Filter>
    <Filter Include="header">
      <UniqueIdentifier>{93995380-89BD-4b04-88EB-625FBE52EBFB}</UniqueIdentifier>
      <Extensions>h;hh;hpp;hxx;h++;hm;inl;inc;ipp;xsd</Extensions>
    </Filter>
    <Filter Include="cpp">
      <UniqueIdentifier>{bbff136b-966e-4a08-be8d-9badd96b0258}</UniqueIdentifier>
    </Filter>
    <Filter Include="java">
      <UniqueIdentifier>{59ac0ed8-ca59-4865-b96c-a2b399688c3c}</UniqueIdentifier>
    </Filter>
    <Filter Include="python">
      <UniqueIdentifier>{4257d6aa-128c-4118-b579-faa3fafcb916}</UniqueIdentifier>
    </Filter>
  </ItemGroup>
  <ItemGroup>
    <ClCompile Include="dllmain.cpp">
      <Filter>source</Filter>
    </ClCompile>
    <ClCompile Include="..\..\src\google\protobuf\compiler\code_generator.cc">
      <Filter>source</Filter>
    </ClCompile>
    <ClCompile Include="..\..\src\google\protobuf\compiler\command_line_interface.cc">
      <Filter>source</Filter>
    </ClCompile>
    <ClCompile Include="..\..\src\google\protobuf\compiler\csharp\csharp_doc_comment.cc">
      <Filter>source</Filter>
    </ClCompile>
    <ClCompile Include="..\..\src\google\protobuf\compiler\csharp\csharp_enum.cc">
      <Filter>source</Filter>
    </ClCompile>
    <ClCompile Include="..\..\src\google\protobuf\compiler\csharp\csharp_enum_field.cc">
      <Filter>source</Filter>
    </ClCompile>
    <ClCompile Include="..\..\src\google\protobuf\compiler\csharp\csharp_field_base.cc">
      <Filter>source</Filter>
    </ClCompile>
    <ClCompile Include="..\..\src\google\protobuf\compiler\csharp\csharp_generator.cc">
      <Filter>source</Filter>
    </ClCompile>
    <ClCompile Include="..\..\src\google\protobuf\compiler\csharp\csharp_helpers.cc">
      <Filter>source</Filter>
    </ClCompile>
    <ClCompile Include="..\..\src\google\protobuf\compiler\csharp\csharp_map_field.cc">
      <Filter>source</Filter>
    </ClCompile>
    <ClCompile Include="..\..\src\google\protobuf\compiler\csharp\csharp_message.cc">
      <Filter>source</Filter>
    </ClCompile>
    <ClCompile Include="..\..\src\google\protobuf\compiler\csharp\csharp_message_field.cc">
      <Filter>source</Filter>
    </ClCompile>
    <ClCompile Include="..\..\src\google\protobuf\compiler\csharp\csharp_primitive_field.cc">
      <Filter>source</Filter>
    </ClCompile>
    <ClCompile Include="..\..\src\google\protobuf\compiler\csharp\csharp_reflection_class.cc">
      <Filter>source</Filter>
    </ClCompile>
    <ClCompile Include="..\..\src\google\protobuf\compiler\csharp\csharp_repeated_enum_field.cc">
      <Filter>source</Filter>
    </ClCompile>
    <ClCompile Include="..\..\src\google\protobuf\compiler\csharp\csharp_repeated_message_field.cc">
      <Filter>source</Filter>
    </ClCompile>
    <ClCompile Include="..\..\src\google\protobuf\compiler\csharp\csharp_repeated_primitive_field.cc">
      <Filter>source</Filter>
    </ClCompile>
    <ClCompile Include="..\..\src\google\protobuf\compiler\csharp\csharp_source_generator_base.cc">
      <Filter>source</Filter>
    </ClCompile>
    <ClCompile Include="..\..\src\google\protobuf\compiler\csharp\csharp_wrapper_field.cc">
      <Filter>source</Filter>
    </ClCompile>
    <ClCompile Include="..\..\src\google\protobuf\compiler\objectivec\objectivec_enum.cc">
      <Filter>source</Filter>
    </ClCompile>
    <ClCompile Include="..\..\src\google\protobuf\compiler\objectivec\objectivec_enum_field.cc">
      <Filter>source</Filter>
    </ClCompile>
    <ClCompile Include="..\..\src\google\protobuf\compiler\objectivec\objectivec_extension.cc">
      <Filter>source</Filter>
    </ClCompile>
    <ClCompile Include="..\..\src\google\protobuf\compiler\objectivec\objectivec_field.cc">
      <Filter>source</Filter>
    </ClCompile>
    <ClCompile Include="..\..\src\google\protobuf\compiler\objectivec\objectivec_file.cc">
      <Filter>source</Filter>
    </ClCompile>
    <ClCompile Include="..\..\src\google\protobuf\compiler\objectivec\objectivec_generator.cc">
      <Filter>source</Filter>
    </ClCompile>
    <ClCompile Include="..\..\src\google\protobuf\compiler\objectivec\objectivec_helpers.cc">
      <Filter>source</Filter>
    </ClCompile>
    <ClCompile Include="..\..\src\google\protobuf\compiler\objectivec\objectivec_map_field.cc">
      <Filter>source</Filter>
    </ClCompile>
    <ClCompile Include="..\..\src\google\protobuf\compiler\objectivec\objectivec_message.cc">
      <Filter>source</Filter>
    </ClCompile>
    <ClCompile Include="..\..\src\google\protobuf\compiler\objectivec\objectivec_message_field.cc">
      <Filter>source</Filter>
    </ClCompile>
    <ClCompile Include="..\..\src\google\protobuf\compiler\objectivec\objectivec_oneof.cc">
      <Filter>source</Filter>
    </ClCompile>
    <ClCompile Include="..\..\src\google\protobuf\compiler\objectivec\objectivec_primitive_field.cc">
      <Filter>source</Filter>
    </ClCompile>
    <ClCompile Include="..\..\src\google\protobuf\compiler\php\php_generator.cc">
      <Filter>source</Filter>
    </ClCompile>
    <ClCompile Include="..\..\src\google\protobuf\compiler\plugin.cc">
      <Filter>source</Filter>
    </ClCompile>
    <ClCompile Include="..\..\src\google\protobuf\compiler\plugin.pb.cc">
      <Filter>source</Filter>
    </ClCompile>
    <ClCompile Include="..\..\src\google\protobuf\compiler\ruby\ruby_generator.cc">
      <Filter>source</Filter>
    </ClCompile>
    <ClCompile Include="..\..\src\google\protobuf\compiler\subprocess.cc">
      <Filter>source</Filter>
    </ClCompile>
    <ClCompile Include="..\..\src\google\protobuf\compiler\zip_writer.cc">
      <Filter>source</Filter>
    </ClCompile>
    <ClCompile Include="..\..\src\google\protobuf\compiler\cpp\enum.cc">
      <Filter>cpp</Filter>
    </ClCompile>
    <ClCompile Include="..\..\src\google\protobuf\compiler\cpp\enum_field.cc">
      <Filter>cpp</Filter>
    </ClCompile>
    <ClCompile Include="..\..\src\google\protobuf\compiler\cpp\extension.cc">
      <Filter>cpp</Filter>
    </ClCompile>
    <ClCompile Include="..\..\src\google\protobuf\compiler\cpp\field.cc">
      <Filter>cpp</Filter>
    </ClCompile>
    <ClCompile Include="..\..\src\google\protobuf\compiler\cpp\file.cc">
      <Filter>cpp</Filter>
    </ClCompile>
    <ClCompile Include="..\..\src\google\protobuf\compiler\cpp\generator.cc">
      <Filter>cpp</Filter>
    </ClCompile>
    <ClCompile Include="..\..\src\google\protobuf\compiler\cpp\helpers.cc">
      <Filter>cpp</Filter>
    </ClCompile>
    <ClCompile Include="..\..\src\google\protobuf\compiler\cpp\map_field.cc">
      <Filter>cpp</Filter>
    </ClCompile>
    <ClCompile Include="..\..\src\google\protobuf\compiler\cpp\message.cc">
      <Filter>cpp</Filter>
    </ClCompile>
    <ClCompile Include="..\..\src\google\protobuf\compiler\cpp\message_field.cc">
      <Filter>cpp</Filter>
    </ClCompile>
    <ClCompile Include="..\..\src\google\protobuf\compiler\cpp\padding_optimizer.cc">
      <Filter>cpp</Filter>
    </ClCompile>
    <ClCompile Include="..\..\src\google\protobuf\compiler\cpp\primitive_field.cc">
      <Filter>cpp</Filter>
    </ClCompile>
    <ClCompile Include="..\..\src\google\protobuf\compiler\cpp\service.cc">
      <Filter>cpp</Filter>
    </ClCompile>
    <ClCompile Include="..\..\src\google\protobuf\compiler\cpp\string_field.cc">
      <Filter>cpp</Filter>
    </ClCompile>
    <ClCompile Include="..\..\src\google\protobuf\compiler\java\context.cc">
      <Filter>java</Filter>
    </ClCompile>
    <ClCompile Include="..\..\src\google\protobuf\compiler\java\doc_comment.cc">
      <Filter>java</Filter>
    </ClCompile>
    <ClCompile Include="..\..\src\google\protobuf\compiler\java\enum.cc">
      <Filter>java</Filter>
    </ClCompile>
    <ClCompile Include="..\..\src\google\protobuf\compiler\java\enum_field.cc">
      <Filter>java</Filter>
    </ClCompile>
    <ClCompile Include="..\..\src\google\protobuf\compiler\java\enum_field_lite.cc">
      <Filter>java</Filter>
    </ClCompile>
    <ClCompile Include="..\..\src\google\protobuf\compiler\java\enum_lite.cc">
      <Filter>java</Filter>
    </ClCompile>
    <ClCompile Include="..\..\src\google\protobuf\compiler\java\extension.cc">
      <Filter>java</Filter>
    </ClCompile>
    <ClCompile Include="..\..\src\google\protobuf\compiler\java\extension_lite.cc">
      <Filter>java</Filter>
    </ClCompile>
    <ClCompile Include="..\..\src\google\protobuf\compiler\java\field.cc">
      <Filter>java</Filter>
    </ClCompile>
    <ClCompile Include="..\..\src\google\protobuf\compiler\java\file.cc">
      <Filter>java</Filter>
    </ClCompile>
    <ClCompile Include="..\..\src\google\protobuf\compiler\java\generator.cc">
      <Filter>java</Filter>
    </ClCompile>
    <ClCompile Include="..\..\src\google\protobuf\compiler\java\generator_factory.cc">
      <Filter>java</Filter>
    </ClCompile>
    <ClCompile Include="..\..\src\google\protobuf\compiler\java\helpers.cc">
      <Filter>java</Filter>
    </ClCompile>
    <ClCompile Include="..\..\src\google\protobuf\compiler\java\kotlin_generator.cc">
      <Filter>java</Filter>
    </ClCompile>
    <ClCompile Include="..\..\src\google\protobuf\compiler\java\map_field.cc">
      <Filter>java</Filter>
    </ClCompile>
    <ClCompile Include="..\..\src\google\protobuf\compiler\java\map_field_lite.cc">
      <Filter>java</Filter>
    </ClCompile>
    <ClCompile Include="..\..\src\google\protobuf\compiler\java\message.cc">
      <Filter>java</Filter>
    </ClCompile>
    <ClCompile Include="..\..\src\google\protobuf\compiler\java\message_builder.cc">
      <Filter>java</Filter>
    </ClCompile>
    <ClCompile Include="..\..\src\google\protobuf\compiler\java\message_builder_lite.cc">
      <Filter>java</Filter>
    </ClCompile>
    <ClCompile Include="..\..\src\google\protobuf\compiler\java\message_field.cc">
      <Filter>java</Filter>
    </ClCompile>
    <ClCompile Include="..\..\src\google\protobuf\compiler\java\message_field_lite.cc">
      <Filter>java</Filter>
    </ClCompile>
    <ClCompile Include="..\..\src\google\protobuf\compiler\java\message_lite.cc">
      <Filter>java</Filter>
    </ClCompile>
    <ClCompile Include="..\..\src\google\protobuf\compiler\java\name_resolver.cc">
      <Filter>java</Filter>
    </ClCompile>
    <ClCompile Include="..\..\src\google\protobuf\compiler\java\primitive_field.cc">
      <Filter>java</Filter>
    </ClCompile>
    <ClCompile Include="..\..\src\google\protobuf\compiler\java\primitive_field_lite.cc">
      <Filter>java</Filter>
    </ClCompile>
    <ClCompile Include="..\..\src\google\protobuf\compiler\java\service.cc">
      <Filter>java</Filter>
    </ClCompile>
    <ClCompile Include="..\..\src\google\protobuf\compiler\java\shared_code_generator.cc">
      <Filter>java</Filter>
    </ClCompile>
    <ClCompile Include="..\..\src\google\protobuf\compiler\java\string_field.cc">
      <Filter>java</Filter>
    </ClCompile>
    <ClCompile Include="..\..\src\google\protobuf\compiler\java\string_field_lite.cc">
      <Filter>java</Filter>
    </ClCompile>
    <ClCompile Include="..\..\src\google\protobuf\compiler\python\generator.cc">
      <Filter>python</Filter>
    </ClCompile>
    <ClCompile Include="..\..\src\google\protobuf\compiler\python\helpers.cc">
      <Filter>python</Filter>
    </ClCompile>
    <ClCompile Include="..\..\src\google\protobuf\compiler\python\pyi_generator.cc">
      <Filter>python</Filter>
    </ClCompile>
    <ClCompile Include="..\..\src\google\protobuf\compiler\cpp\parse_function_generator.cc">
      <Filter>cpp</Filter>
    </ClCompile>
  </ItemGroup>
  <ItemGroup>
    <ClInclude Include="..\..\src\google\protobuf\compiler\code_generator.h">
      <Filter>header</Filter>
    </ClInclude>
    <ClInclude Include="..\..\src\google\protobuf\compiler\command_line_interface.h">
      <Filter>header</Filter>
    </ClInclude>
    <ClInclude Include="..\..\src\google\protobuf\compiler\cpp\cpp_enum.h">
      <Filter>header</Filter>
    </ClInclude>
    <ClInclude Include="..\..\src\google\protobuf\compiler\cpp\cpp_enum_field.h">
      <Filter>header</Filter>
    </ClInclude>
    <ClInclude Include="..\..\src\google\protobuf\compiler\cpp\cpp_extension.h">
      <Filter>header</Filter>
    </ClInclude>
    <ClInclude Include="..\..\src\google\protobuf\compiler\cpp\cpp_field.h">
      <Filter>header</Filter>
    </ClInclude>
    <ClInclude Include="..\..\src\google\protobuf\compiler\cpp\cpp_file.h">
      <Filter>header</Filter>
    </ClInclude>
    <ClInclude Include="..\..\src\google\protobuf\compiler\cpp\cpp_generator.h">
      <Filter>header</Filter>
    </ClInclude>
    <ClInclude Include="..\..\src\google\protobuf\compiler\cpp\cpp_helpers.h">
      <Filter>header</Filter>
    </ClInclude>
    <ClInclude Include="..\..\src\google\protobuf\compiler\cpp\cpp_map_field.h">
      <Filter>header</Filter>
    </ClInclude>
    <ClInclude Include="..\..\src\google\protobuf\compiler\cpp\cpp_message.h">
      <Filter>header</Filter>
    </ClInclude>
    <ClInclude Include="..\..\src\google\protobuf\compiler\cpp\cpp_message_field.h">
      <Filter>header</Filter>
    </ClInclude>
    <ClInclude Include="..\..\src\google\protobuf\compiler\cpp\cpp_message_layout_helper.h">
      <Filter>header</Filter>
    </ClInclude>
    <ClInclude Include="..\..\src\google\protobuf\compiler\cpp\cpp_options.h">
      <Filter>header</Filter>
    </ClInclude>
    <ClInclude Include="..\..\src\google\protobuf\compiler\cpp\cpp_padding_optimizer.h">
      <Filter>header</Filter>
    </ClInclude>
    <ClInclude Include="..\..\src\google\protobuf\compiler\cpp\cpp_primitive_field.h">
      <Filter>header</Filter>
    </ClInclude>
    <ClInclude Include="..\..\src\google\protobuf\compiler\cpp\cpp_service.h">
      <Filter>header</Filter>
    </ClInclude>
    <ClInclude Include="..\..\src\google\protobuf\compiler\cpp\cpp_string_field.h">
      <Filter>header</Filter>
    </ClInclude>
    <ClInclude Include="..\..\src\google\protobuf\compiler\csharp\csharp_doc_comment.h">
      <Filter>header</Filter>
    </ClInclude>
    <ClInclude Include="..\..\src\google\protobuf\compiler\csharp\csharp_enum.h">
      <Filter>header</Filter>
    </ClInclude>
    <ClInclude Include="..\..\src\google\protobuf\compiler\csharp\csharp_enum_field.h">
      <Filter>header</Filter>
    </ClInclude>
    <ClInclude Include="..\..\src\google\protobuf\compiler\csharp\csharp_field_base.h">
      <Filter>header</Filter>
    </ClInclude>
    <ClInclude Include="..\..\src\google\protobuf\compiler\csharp\csharp_generator.h">
      <Filter>header</Filter>
    </ClInclude>
    <ClInclude Include="..\..\src\google\protobuf\compiler\csharp\csharp_helpers.h">
      <Filter>header</Filter>
    </ClInclude>
    <ClInclude Include="..\..\src\google\protobuf\compiler\csharp\csharp_map_field.h">
      <Filter>header</Filter>
    </ClInclude>
    <ClInclude Include="..\..\src\google\protobuf\compiler\csharp\csharp_message.h">
      <Filter>header</Filter>
    </ClInclude>
    <ClInclude Include="..\..\src\google\protobuf\compiler\csharp\csharp_message_field.h">
      <Filter>header</Filter>
    </ClInclude>
    <ClInclude Include="..\..\src\google\protobuf\compiler\csharp\csharp_names.h">
      <Filter>header</Filter>
    </ClInclude>
    <ClInclude Include="..\..\src\google\protobuf\compiler\csharp\csharp_options.h">
      <Filter>header</Filter>
    </ClInclude>
    <ClInclude Include="..\..\src\google\protobuf\compiler\csharp\csharp_primitive_field.h">
      <Filter>header</Filter>
    </ClInclude>
    <ClInclude Include="..\..\src\google\protobuf\compiler\csharp\csharp_reflection_class.h">
      <Filter>header</Filter>
    </ClInclude>
    <ClInclude Include="..\..\src\google\protobuf\compiler\csharp\csharp_repeated_enum_field.h">
      <Filter>header</Filter>
    </ClInclude>
    <ClInclude Include="..\..\src\google\protobuf\compiler\csharp\csharp_repeated_message_field.h">
      <Filter>header</Filter>
    </ClInclude>
    <ClInclude Include="..\..\src\google\protobuf\compiler\csharp\csharp_repeated_primitive_field.h">
      <Filter>header</Filter>
    </ClInclude>
    <ClInclude Include="..\..\src\google\protobuf\compiler\csharp\csharp_source_generator_base.h">
      <Filter>header</Filter>
    </ClInclude>
    <ClInclude Include="..\..\src\google\protobuf\compiler\csharp\csharp_wrapper_field.h">
      <Filter>header</Filter>
    </ClInclude>
    <ClInclude Include="..\..\src\google\protobuf\compiler\java\java_string_field_lite.h">
      <Filter>header</Filter>
    </ClInclude>
    <ClInclude Include="..\..\src\google\protobuf\compiler\java\java_string_field.h">
      <Filter>header</Filter>
    </ClInclude>
    <ClInclude Include="..\..\src\google\protobuf\compiler\java\java_shared_code_generator.h">
      <Filter>header</Filter>
    </ClInclude>
    <ClInclude Include="..\..\src\google\protobuf\compiler\java\java_service.h">
      <Filter>header</Filter>
    </ClInclude>
    <ClInclude Include="..\..\src\google\protobuf\compiler\java\java_primitive_field_lite.h">
      <Filter>header</Filter>
    </ClInclude>
    <ClInclude Include="..\..\src\google\protobuf\compiler\java\java_primitive_field.h">
      <Filter>header</Filter>
    </ClInclude>
    <ClInclude Include="..\..\src\google\protobuf\compiler\java\java_options.h">
      <Filter>header</Filter>
    </ClInclude>
    <ClInclude Include="..\..\src\google\protobuf\compiler\java\java_names.h">
      <Filter>header</Filter>
    </ClInclude>
    <ClInclude Include="..\..\src\google\protobuf\compiler\java\java_name_resolver.h">
      <Filter>header</Filter>
    </ClInclude>
    <ClInclude Include="..\..\src\google\protobuf\compiler\java\java_message_lite.h">
      <Filter>header</Filter>
    </ClInclude>
    <ClInclude Include="..\..\src\google\protobuf\compiler\java\java_message_field_lite.h">
      <Filter>header</Filter>
    </ClInclude>
    <ClInclude Include="..\..\src\google\protobuf\compiler\java\java_message_field.h">
      <Filter>header</Filter>
    </ClInclude>
    <ClInclude Include="..\..\src\google\protobuf\compiler\java\java_message_builder_lite.h">
      <Filter>header</Filter>
    </ClInclude>
    <ClInclude Include="..\..\src\google\protobuf\compiler\java\java_message_builder.h">
      <Filter>header</Filter>
    </ClInclude>
    <ClInclude Include="..\..\src\google\protobuf\compiler\java\java_message.h">
      <Filter>header</Filter>
    </ClInclude>
    <ClInclude Include="..\..\src\google\protobuf\compiler\java\java_map_field_lite.h">
      <Filter>header</Filter>
    </ClInclude>
    <ClInclude Include="..\..\src\google\protobuf\compiler\java\java_map_field.h">
      <Filter>header</Filter>
    </ClInclude>
    <ClInclude Include="..\..\src\google\protobuf\compiler\java\java_helpers.h">
      <Filter>header</Filter>
    </ClInclude>
    <ClInclude Include="..\..\src\google\protobuf\compiler\java\java_generator_factory.h">
      <Filter>header</Filter>
    </ClInclude>
    <ClInclude Include="..\..\src\google\protobuf\compiler\java\java_generator.h">
      <Filter>header</Filter>
    </ClInclude>
    <ClInclude Include="..\..\src\google\protobuf\compiler\java\java_file.h">
      <Filter>header</Filter>
    </ClInclude>
    <ClInclude Include="..\..\src\google\protobuf\compiler\java\java_field.h">
      <Filter>header</Filter>
    </ClInclude>
    <ClInclude Include="..\..\src\google\protobuf\compiler\java\java_extension_lite.h">
      <Filter>header</Filter>
    </ClInclude>
    <ClInclude Include="..\..\src\google\protobuf\compiler\java\java_extension.h">
      <Filter>header</Filter>
    </ClInclude>
    <ClInclude Include="..\..\src\google\protobuf\compiler\java\java_enum_lite.h">
      <Filter>header</Filter>
    </ClInclude>
    <ClInclude Include="..\..\src\google\protobuf\compiler\java\java_enum_field_lite.h">
      <Filter>header</Filter>
    </ClInclude>
    <ClInclude Include="..\..\src\google\protobuf\compiler\java\java_enum_field.h">
      <Filter>header</Filter>
    </ClInclude>
    <ClInclude Include="..\..\src\google\protobuf\compiler\java\java_enum.h">
      <Filter>header</Filter>
    </ClInclude>
    <ClInclude Include="..\..\src\google\protobuf\compiler\java\java_doc_comment.h">
      <Filter>header</Filter>
    </ClInclude>
    <ClInclude Include="..\..\src\google\protobuf\compiler\java\java_context.h">
      <Filter>header</Filter>
    </ClInclude>
    <ClInclude Include="..\..\src\google\protobuf\compiler\objectivec\objectivec_primitive_field.h">
      <Filter>header</Filter>
    </ClInclude>
    <ClInclude Include="..\..\src\google\protobuf\compiler\objectivec\objectivec_oneof.h">
      <Filter>header</Filter>
    </ClInclude>
    <ClInclude Include="..\..\src\google\protobuf\compiler\objectivec\objectivec_nsobject_methods.h">
      <Filter>header</Filter>
    </ClInclude>
    <ClInclude Include="..\..\src\google\protobuf\compiler\objectivec\objectivec_message_field.h">
      <Filter>header</Filter>
    </ClInclude>
    <ClInclude Include="..\..\src\google\protobuf\compiler\objectivec\objectivec_message.h">
      <Filter>header</Filter>
    </ClInclude>
    <ClInclude Include="..\..\src\google\protobuf\compiler\objectivec\objectivec_map_field.h">
      <Filter>header</Filter>
    </ClInclude>
    <ClInclude Include="..\..\src\google\protobuf\compiler\objectivec\objectivec_helpers.h">
      <Filter>header</Filter>
    </ClInclude>
    <ClInclude Include="..\..\src\google\protobuf\compiler\objectivec\objectivec_generator.h">
      <Filter>header</Filter>
    </ClInclude>
    <ClInclude Include="..\..\src\google\protobuf\compiler\objectivec\objectivec_file.h">
      <Filter>header</Filter>
    </ClInclude>
    <ClInclude Include="..\..\src\google\protobuf\compiler\objectivec\objectivec_field.h">
      <Filter>header</Filter>
    </ClInclude>
    <ClInclude Include="..\..\src\google\protobuf\compiler\objectivec\objectivec_extension.h">
      <Filter>header</Filter>
    </ClInclude>
    <ClInclude Include="..\..\src\google\protobuf\compiler\objectivec\objectivec_enum_field.h">
      <Filter>header</Filter>
    </ClInclude>
    <ClInclude Include="..\..\src\google\protobuf\compiler\objectivec\objectivec_enum.h">
      <Filter>header</Filter>
    </ClInclude>
    <ClInclude Include="..\..\src\google\protobuf\compiler\zip_writer.h">
      <Filter>header</Filter>
    </ClInclude>
    <ClInclude Include="..\..\src\google\protobuf\compiler\js\well_known_types_embed.h">
      <Filter>header</Filter>
    </ClInclude>
    <ClInclude Include="..\..\src\google\protobuf\compiler\subprocess.h">
      <Filter>header</Filter>
    </ClInclude>
    <ClInclude Include="..\..\src\google\protobuf\compiler\ruby\ruby_generator.h">
      <Filter>header</Filter>
    </ClInclude>
    <ClInclude Include="..\..\src\google\protobuf\compiler\python\python_generator.h">
      <Filter>header</Filter>
    </ClInclude>
    <ClInclude Include="..\..\src\google\protobuf\compiler\plugin.pb.h">
      <Filter>header</Filter>
    </ClInclude>
    <ClInclude Include="..\..\src\google\protobuf\compiler\plugin.h">
      <Filter>header</Filter>
    </ClInclude>
    <ClInclude Include="..\..\src\google\protobuf\compiler\php\php_generator.h">
      <Filter>header</Filter>
    </ClInclude>
    <ClInclude Include="..\..\src\google\protobuf\compiler\python\generator.h">
      <Filter>python</Filter>
    </ClInclude>
    <ClInclude Include="..\..\src\google\protobuf\compiler\python\helpers.h">
      <Filter>python</Filter>
    </ClInclude>
    <ClInclude Include="..\..\src\google\protobuf\compiler\python\pyi_generator.h">
      <Filter>python</Filter>
    </ClInclude>
    <ClInclude Include="..\..\src\google\protobuf\compiler\cpp\parse_function_generator.h">
      <Filter>cpp</Filter>
    </ClInclude>
  </ItemGroup>
  <ItemGroup>
    <ResourceCompile Include="..\version.rc">
      <Filter>资源文件</Filter>
    </ResourceCompile>
  </ItemGroup>
</Project>