<?xml version="1.0" encoding="utf-8"?>
<Project ToolsVersion="4.0" xmlns="http://schemas.microsoft.com/developer/msbuild/2003">
  <ItemGroup>
    <Filter Include="资源文件">
      <UniqueIdentifier>{67DA6AB6-F800-4c08-8B7A-83BB121AAD01}</UniqueIdentifier>
      <Extensions>rc;ico;cur;bmp;dlg;rc2;rct;bin;rgs;gif;jpg;jpeg;jpe;resx;tiff;tif;png;wav;mfcribbon-ms</Extensions>
    </Filter>
    <Filter Include="header">
      <UniqueIdentifier>{93995380-89BD-4b04-88EB-625FBE52EBFB}</UniqueIdentifier>
      <Extensions>h;hh;hpp;hxx;h++;hm;inl;inc;ipp;xsd</Extensions>
    </Filter>
    <Filter Include="source">
      <UniqueIdentifier>{4FC737F1-C7A5-4376-A066-2A32D752A2FF}</UniqueIdentifier>
      <Extensions>cpp;c;cc;cxx;c++;cppm;ixx;def;odl;idl;hpj;bat;asm;asmx</Extensions>
    </Filter>
  </ItemGroup>
  <ItemGroup>
    <ClCompile Include="dllmain.cpp">
      <Filter>source</Filter>
    </ClCompile>
    <ClCompile Include="..\..\src\google\protobuf\any_lite.cc">
      <Filter>source</Filter>
    </ClCompile>
    <ClCompile Include="..\..\src\google\protobuf\arena.cc">
      <Filter>source</Filter>
    </ClCompile>
    <ClCompile Include="..\..\src\google\protobuf\stubs\bytestream.cc">
      <Filter>source</Filter>
    </ClCompile>
    <ClCompile Include="..\..\src\google\protobuf\io\coded_stream.cc">
      <Filter>source</Filter>
    </ClCompile>
    <ClCompile Include="..\..\src\google\protobuf\stubs\common.cc">
      <Filter>source</Filter>
    </ClCompile>
    <ClCompile Include="..\..\src\google\protobuf\extension_set.cc">
      <Filter>source</Filter>
    </ClCompile>
    <ClCompile Include="..\..\src\google\protobuf\generated_enum_util.cc">
      <Filter>source</Filter>
    </ClCompile>
    <ClCompile Include="..\..\src\google\protobuf\generated_message_util.cc">
      <Filter>source</Filter>
    </ClCompile>
    <ClCompile Include="..\..\src\google\protobuf\implicit_weak_message.cc">
      <Filter>source</Filter>
    </ClCompile>
    <ClCompile Include="..\..\src\google\protobuf\stubs\int128.cc">
      <Filter>source</Filter>
    </ClCompile>
    <ClCompile Include="..\..\src\google\protobuf\io\io_win32.cc">
      <Filter>source</Filter>
    </ClCompile>
    <ClCompile Include="..\..\src\google\protobuf\message_lite.cc">
      <Filter>source</Filter>
    </ClCompile>
    <ClCompile Include="..\..\src\google\protobuf\parse_context.cc">
      <Filter>source</Filter>
    </ClCompile>
    <ClCompile Include="..\..\src\google\protobuf\repeated_field.cc">
      <Filter>source</Filter>
    </ClCompile>
    <ClCompile Include="..\..\src\google\protobuf\stubs\status.cc">
      <Filter>source</Filter>
    </ClCompile>
    <ClCompile Include="..\..\src\google\protobuf\stubs\statusor.cc">
      <Filter>source</Filter>
    </ClCompile>
    <ClCompile Include="..\..\src\google\protobuf\stubs\stringpiece.cc">
      <Filter>source</Filter>
    </ClCompile>
    <ClCompile Include="..\..\src\google\protobuf\io\strtod.cc">
      <Filter>source</Filter>
    </ClCompile>
    <ClCompile Include="..\..\src\google\protobuf\stubs\time.cc">
      <Filter>source</Filter>
    </ClCompile>
    <ClCompile Include="..\..\src\google\protobuf\wire_format_lite.cc">
      <Filter>source</Filter>
    </ClCompile>
    <ClCompile Include="..\..\src\google\protobuf\io\zero_copy_stream.cc">
      <Filter>source</Filter>
    </ClCompile>
    <ClCompile Include="..\..\src\google\protobuf\io\zero_copy_stream_impl.cc">
      <Filter>source</Filter>
    </ClCompile>
    <ClCompile Include="..\..\src\google\protobuf\io\zero_copy_stream_impl_lite.cc">
      <Filter>source</Filter>
    </ClCompile>
    <ClCompile Include="..\..\src\google\protobuf\stubs\strutil.cc">
      <Filter>source</Filter>
    </ClCompile>
    <ClCompile Include="..\..\src\google\protobuf\stubs\structurally_valid.cc">
      <Filter>source</Filter>
    </ClCompile>
    <ClCompile Include="..\..\src\google\protobuf\stubs\stringprintf.cc">
      <Filter>source</Filter>
    </ClCompile>
    <ClCompile Include="..\..\src\google\protobuf\arenastring.cc">
      <Filter>source</Filter>
    </ClCompile>
    <ClCompile Include="..\..\src\google\protobuf\repeated_ptr_field.cc">
      <Filter>source</Filter>
    </ClCompile>
    <ClCompile Include="..\..\src\google\protobuf\inlined_string_field.cc">
      <Filter>source</Filter>
    </ClCompile>
    <ClCompile Include="..\..\src\google\protobuf\map.cc">
      <Filter>source</Filter>
    </ClCompile>
  </ItemGroup>
  <ItemGroup>
    <ClInclude Include="..\..\src\google\protobuf\arena.h">
      <Filter>header</Filter>
    </ClInclude>
    <ClInclude Include="..\..\src\google\protobuf\stubs\bytestream.h">
      <Filter>header</Filter>
    </ClInclude>
    <ClInclude Include="..\..\src\google\protobuf\io\coded_stream.h">
      <Filter>header</Filter>
    </ClInclude>
    <ClInclude Include="..\..\src\google\protobuf\io\coded_stream_inl.h">
      <Filter>header</Filter>
    </ClInclude>
    <ClInclude Include="..\..\src\google\protobuf\stubs\common.h">
      <Filter>header</Filter>
    </ClInclude>
    <ClInclude Include="..\..\src\google\protobuf\extension_set.h">
      <Filter>header</Filter>
    </ClInclude>
    <ClInclude Include="..\..\src\google\protobuf\extension_set_inl.h">
      <Filter>header</Filter>
    </ClInclude>
    <ClInclude Include="..\..\src\google\protobuf\generated_enum_reflection.h">
      <Filter>header</Filter>
    </ClInclude>
    <ClInclude Include="..\..\src\google\protobuf\generated_enum_util.h">
      <Filter>header</Filter>
    </ClInclude>
    <ClInclude Include="..\..\src\google\protobuf\generated_message_table_driven_lite.h">
      <Filter>header</Filter>
    </ClInclude>
    <ClInclude Include="..\..\src\google\protobuf\generated_message_util.h">
      <Filter>header</Filter>
    </ClInclude>
    <ClInclude Include="..\..\src\google\protobuf\implicit_weak_message.h">
      <Filter>header</Filter>
    </ClInclude>
    <ClInclude Include="..\..\src\google\protobuf\stubs\int128.h">
      <Filter>header</Filter>
    </ClInclude>
    <ClInclude Include="..\..\src\google\protobuf\io\io_win32.h">
      <Filter>header</Filter>
    </ClInclude>
    <ClInclude Include="..\..\src\google\protobuf\message_lite.h">
      <Filter>header</Filter>
    </ClInclude>
    <ClInclude Include="..\..\src\google\protobuf\parse_context.h">
      <Filter>header</Filter>
    </ClInclude>
    <ClInclude Include="..\..\src\google\protobuf\repeated_field.h">
      <Filter>header</Filter>
    </ClInclude>
    <ClInclude Include="..\..\src\google\protobuf\stubs\status.h">
      <Filter>header</Filter>
    </ClInclude>
    <ClInclude Include="..\..\src\google\protobuf\stubs\stringpiece.h">
      <Filter>header</Filter>
    </ClInclude>
    <ClInclude Include="..\..\src\google\protobuf\stubs\statusor.h">
      <Filter>header</Filter>
    </ClInclude>
    <ClInclude Include="..\..\src\google\protobuf\io\strtod.h">
      <Filter>header</Filter>
    </ClInclude>
    <ClInclude Include="..\..\src\google\protobuf\stubs\time.h">
      <Filter>header</Filter>
    </ClInclude>
    <ClInclude Include="..\..\src\google\protobuf\wire_format_lite.h">
      <Filter>header</Filter>
    </ClInclude>
    <ClInclude Include="..\..\src\google\protobuf\io\zero_copy_stream.h">
      <Filter>header</Filter>
    </ClInclude>
    <ClInclude Include="..\..\src\google\protobuf\io\zero_copy_stream_impl.h">
      <Filter>header</Filter>
    </ClInclude>
    <ClInclude Include="..\..\src\google\protobuf\io\zero_copy_stream_impl_lite.h">
      <Filter>header</Filter>
    </ClInclude>
    <ClInclude Include="..\..\src\google\protobuf\stubs\once.h">
      <Filter>header</Filter>
    </ClInclude>
    <ClInclude Include="..\..\src\google\protobuf\arenastring.h">
      <Filter>header</Filter>
    </ClInclude>
    <ClInclude Include="..\..\src\google\protobuf\stubs\strutil.h">
      <Filter>header</Filter>
    </ClInclude>
    <ClInclude Include="..\..\src\google\protobuf\stubs\stringprintf.h">
      <Filter>header</Filter>
    </ClInclude>
    <ClInclude Include="..\..\src\google\protobuf\repeated_ptr_field.h">
      <Filter>header</Filter>
    </ClInclude>
    <ClInclude Include="..\..\src\google\protobuf\inlined_string_field.h">
      <Filter>header</Filter>
    </ClInclude>
    <ClInclude Include="..\..\src\google\protobuf\map.h">
      <Filter>header</Filter>
    </ClInclude>
  </ItemGroup>
  <ItemGroup>
    <ResourceCompile Include="..\version.rc">
      <Filter>资源文件</Filter>
    </ResourceCompile>
  </ItemGroup>
</Project>